
Microsoft Visual Studio Solution File, Format Version 12.00
# Visual Studio Version 17
VisualStudioVersion = 17.5.33627.172
MinimumVisualStudioVersion = 10.0.40219.1
Project("{FAE04EC0-301F-11D3-BF4B-00C04F79EFBC}") = "aspnet-api-swagger-design", "aspnet-api-swagger-design\aspnet-api-swagger-design.csproj", "{792A292C-122D-42CE-A657-3F5CD97C5BEE}"
EndProject
Global
	GlobalSection(SolutionConfigurationPlatforms) = preSolution
		Debug|Any CPU = Debug|Any CPU
		Release|Any CPU = Release|Any CPU
	EndGlobalSection
	GlobalSection(ProjectConfigurationPlatforms) = postSolution
		{792A292C-122D-42CE-A657-3F5CD97C5BEE}.Debug|Any CPU.ActiveCfg = Debug|Any CPU
		{792A292C-122D-42CE-A657-3F5CD97C5BEE}.Debug|Any CPU.Build.0 = Debug|Any CPU
		{792A292C-122D-42CE-A657-3F5CD97C5BEE}.Release|Any CPU.ActiveCfg = Release|Any CPU
		{792A292C-122D-42CE-A657-3F5CD97C5BEE}.Release|Any CPU.Build.0 = Release|Any CPU
	EndGlobalSection
	GlobalSection(SolutionProperties) = preSolution
		HideSolutionNode = FALSE
	EndGlobalSection
	GlobalSection(ExtensibilityGlobals) = postSolution
		SolutionGuid = {4A379C2B-644E-416B-ADDE-ADE628DD1722}
	EndGlobalSection
EndGlobal
